// !$*UTF8*$!
{
	archiveVersion = 1;
	classes = {
	};
	objectVersion = 46;
	objects = {

/* Begin PBXBuildFile section */
		6716F8E41EA0433C93B6BC44 /* libPods.a in Frameworks */ = {isa = PBXBuildFile; fileRef = 269491ADEA1849FAAEFAEEB0 /* libPods.a */; };
		7A523C1B19C3A78D00688B0E /* MovieViewCell.swift in Sources */ = {isa = PBXBuildFile; fileRef = 7A523C1A19C3A78D00688B0E /* MovieViewCell.swift */; };
		7A523C1D19C3B32200688B0E /* MovieDetailsViewController.swift in Sources */ = {isa = PBXBuildFile; fileRef = 7A523C1C19C3B32200688B0E /* MovieDetailsViewController.swift */; };
		7A77159319C3903200ABB73E /* AppDelegate.swift in Sources */ = {isa = PBXBuildFile; fileRef = 7A77159219C3903200ABB73E /* AppDelegate.swift */; };
		7A77159519C3903200ABB73E /* ViewController.swift in Sources */ = {isa = PBXBuildFile; fileRef = 7A77159419C3903200ABB73E /* ViewController.swift */; };
		7A77159819C3903200ABB73E /* Main.storyboard in Resources */ = {isa = PBXBuildFile; fileRef = 7A77159619C3903200ABB73E /* Main.storyboard */; };
		7A77159A19C3903200ABB73E /* Images.xcassets in Resources */ = {isa = PBXBuildFile; fileRef = 7A77159919C3903200ABB73E /* Images.xcassets */; };
		7A77159D19C3903200ABB73E /* LaunchScreen.xib in Resources */ = {isa = PBXBuildFile; fileRef = 7A77159B19C3903200ABB73E /* LaunchScreen.xib */; };
		7A7715A919C3903200ABB73E /* MyFlixTests.swift in Sources */ = {isa = PBXBuildFile; fileRef = 7A7715A819C3903200ABB73E /* MyFlixTests.swift */; };
/* End PBXBuildFile section */

/* Begin PBXContainerItemProxy section */
		7A7715A319C3903200ABB73E /* PBXContainerItemProxy */ = {
			isa = PBXContainerItemProxy;
			containerPortal = 7A77158519C3903200ABB73E /* Project object */;
			proxyType = 1;
			remoteGlobalIDString = 7A77158C19C3903200ABB73E;
			remoteInfo = MyFlix;
		};
/* End PBXContainerItemProxy section */

/* Begin PBXFileReference section */
		269491ADEA1849FAAEFAEEB0 /* libPods.a */ = {isa = PBXFileReference; explicitFileType = archive.ar; includeInIndex = 0; path = libPods.a; sourceTree = BUILT_PRODUCTS_DIR; };
		7A523C1A19C3A78D00688B0E /* MovieViewCell.swift */ = {isa = PBXFileReference; fileEncoding = 4; lastKnownFileType = sourcecode.swift; path = MovieViewCell.swift; sourceTree = "<group>"; };
		7A523C1C19C3B32200688B0E /* MovieDetailsViewController.swift */ = {isa = PBXFileReference; fileEncoding = 4; lastKnownFileType = sourcecode.swift; path = MovieDetailsViewController.swift; sourceTree = "<group>"; };
		7A77158D19C3903200ABB73E /* MyFlix.app */ = {isa = PBXFileReference; explicitFileType = wrapper.application; includeInIndex = 0; path = MyFlix.app; sourceTree = BUILT_PRODUCTS_DIR; };
		7A77159119C3903200ABB73E /* Info.plist */ = {isa = PBXFileReference; lastKnownFileType = text.plist.xml; path = Info.plist; sourceTree = "<group>"; };
		7A77159219C3903200ABB73E /* AppDelegate.swift */ = {isa = PBXFileReference; lastKnownFileType = sourcecode.swift; path = AppDelegate.swift; sourceTree = "<group>"; };
		7A77159419C3903200ABB73E /* ViewController.swift */ = {isa = PBXFileReference; lastKnownFileType = sourcecode.swift; path = ViewController.swift; sourceTree = "<group>"; };
		7A77159719C3903200ABB73E /* Base */ = {isa = PBXFileReference; lastKnownFileType = file.storyboard; name = Base; path = Base.lproj/Main.storyboard; sourceTree = "<group>"; };
		7A77159919C3903200ABB73E /* Images.xcassets */ = {isa = PBXFileReference; lastKnownFileType = folder.assetcatalog; path = Images.xcassets; sourceTree = "<group>"; };
		7A77159C19C3903200ABB73E /* Base */ = {isa = PBXFileReference; lastKnownFileType = file.xib; name = Base; path = Base.lproj/LaunchScreen.xib; sourceTree = "<group>"; };
		7A7715A219C3903200ABB73E /* MyFlixTests.xctest */ = {isa = PBXFileReference; explicitFileType = wrapper.cfbundle; includeInIndex = 0; path = MyFlixTests.xctest; sourceTree = BUILT_PRODUCTS_DIR; };
		7A7715A719C3903200ABB73E /* Info.plist */ = {isa = PBXFileReference; lastKnownFileType = text.plist.xml; path = Info.plist; sourceTree = "<group>"; };
		7A7715A819C3903200ABB73E /* MyFlixTests.swift */ = {isa = PBXFileReference; lastKnownFileType = sourcecode.swift; path = MyFlixTests.swift; sourceTree = "<group>"; };
		7AD1F8BC19C585D6003C3CAB /* Project-Bridging-Header.h */ = {isa = PBXFileReference; lastKnownFileType = sourcecode.c.h; path = "Project-Bridging-Header.h"; sourceTree = "<group>"; };
		B1733AF4545D468CA67010DC /* Pods.xcconfig */ = {isa = PBXFileReference; includeInIndex = 1; lastKnownFileType = text.xcconfig; name = Pods.xcconfig; path = Pods/Pods.xcconfig; sourceTree = "<group>"; };
/* End PBXFileReference section */

/* Begin PBXFrameworksBuildPhase section */
		7A77158A19C3903200ABB73E /* Frameworks */ = {
			isa = PBXFrameworksBuildPhase;
			buildActionMask = 2147483647;
			files = (
				6716F8E41EA0433C93B6BC44 /* libPods.a in Frameworks */,
			);
			runOnlyForDeploymentPostprocessing = 0;
		};
		7A77159F19C3903200ABB73E /* Frameworks */ = {
			isa = PBXFrameworksBuildPhase;
			buildActionMask = 2147483647;
			files = (
			);
			runOnlyForDeploymentPostprocessing = 0;
		};
/* End PBXFrameworksBuildPhase section */

/* Begin PBXGroup section */
		7A77158419C3903200ABB73E = {
			isa = PBXGroup;
			children = (
				7A77158F19C3903200ABB73E /* MyFlix */,
				7A7715A519C3903200ABB73E /* MyFlixTests */,
				7A77158E19C3903200ABB73E /* Products */,
				B1733AF4545D468CA67010DC /* Pods.xcconfig */,
				96979B04A8474AA4ACACB8E5 /* Frameworks */,
			);
			sourceTree = "<group>";
		};
		7A77158E19C3903200ABB73E /* Products */ = {
			isa = PBXGroup;
			children = (
				7A77158D19C3903200ABB73E /* MyFlix.app */,
				7A7715A219C3903200ABB73E /* MyFlixTests.xctest */,
			);
			name = Products;
			sourceTree = "<group>";
		};
		7A77158F19C3903200ABB73E /* MyFlix */ = {
			isa = PBXGroup;
			children = (
				7A77159219C3903200ABB73E /* AppDelegate.swift */,
				7A77159419C3903200ABB73E /* ViewController.swift */,
				7AD1F8BC19C585D6003C3CAB /* Project-Bridging-Header.h */,
				7A523C1C19C3B32200688B0E /* MovieDetailsViewController.swift */,
				7A77159619C3903200ABB73E /* Main.storyboard */,
				7A523C1A19C3A78D00688B0E /* MovieViewCell.swift */,
				7A77159919C3903200ABB73E /* Images.xcassets */,
				7A77159B19C3903200ABB73E /* LaunchScreen.xib */,
				7A77159019C3903200ABB73E /* Supporting Files */,
			);
			path = MyFlix;
			sourceTree = "<group>";
		};
		7A77159019C3903200ABB73E /* Supporting Files */ = {
			isa = PBXGroup;
			children = (
				7A77159119C3903200ABB73E /* Info.plist */,
			);
			name = "Supporting Files";
			sourceTree = "<group>";
		};
		7A7715A519C3903200ABB73E /* MyFlixTests */ = {
			isa = PBXGroup;
			children = (
				7A7715A819C3903200ABB73E /* MyFlixTests.swift */,
				7A7715A619C3903200ABB73E /* Supporting Files */,
			);
			path = MyFlixTests;
			sourceTree = "<group>";
		};
		7A7715A619C3903200ABB73E /* Supporting Files */ = {
			isa = PBXGroup;
			children = (
				7A7715A719C3903200ABB73E /* Info.plist */,
			);
			name = "Supporting Files";
			sourceTree = "<group>";
		};
		96979B04A8474AA4ACACB8E5 /* Frameworks */ = {
			isa = PBXGroup;
			children = (
				269491ADEA1849FAAEFAEEB0 /* libPods.a */,
			);
			name = Frameworks;
			sourceTree = "<group>";
		};
/* End PBXGroup section */

/* Begin PBXNativeTarget section */
		7A77158C19C3903200ABB73E /* MyFlix */ = {
			isa = PBXNativeTarget;
			buildConfigurationList = 7A7715AC19C3903200ABB73E /* Build configuration list for PBXNativeTarget "MyFlix" */;
			buildPhases = (
				42507A0824E04CCBB3DF5B78 /* Check Pods Manifest.lock */,
				7A77158919C3903200ABB73E /* Sources */,
				7A77158A19C3903200ABB73E /* Frameworks */,
				7A77158B19C3903200ABB73E /* Resources */,
				6567049031B54BEA9F93BACC /* Copy Pods Resources */,
			);
			buildRules = (
			);
			dependencies = (
			);
			name = MyFlix;
			productName = MyFlix;
			productReference = 7A77158D19C3903200ABB73E /* MyFlix.app */;
			productType = "com.apple.product-type.application";
		};
		7A7715A119C3903200ABB73E /* MyFlixTests */ = {
			isa = PBXNativeTarget;
			buildConfigurationList = 7A7715AF19C3903200ABB73E /* Build configuration list for PBXNativeTarget "MyFlixTests" */;
			buildPhases = (
				7A77159E19C3903200ABB73E /* Sources */,
				7A77159F19C3903200ABB73E /* Frameworks */,
				7A7715A019C3903200ABB73E /* Resources */,
			);
			buildRules = (
			);
			dependencies = (
				7A7715A419C3903200ABB73E /* PBXTargetDependency */,
			);
			name = MyFlixTests;
			productName = MyFlixTests;
			productReference = 7A7715A219C3903200ABB73E /* MyFlixTests.xctest */;
			productType = "com.apple.product-type.bundle.unit-test";
		};
/* End PBXNativeTarget section */

/* Begin PBXProject section */
		7A77158519C3903200ABB73E /* Project object */ = {
			isa = PBXProject;
			attributes = {
				LastUpgradeCheck = 0600;
				ORGANIZATIONNAME = Scott;
				TargetAttributes = {
					7A77158C19C3903200ABB73E = {
						CreatedOnToolsVersion = 6.1;
					};
					7A7715A119C3903200ABB73E = {
						CreatedOnToolsVersion = 6.1;
						TestTargetID = 7A77158C19C3903200ABB73E;
					};
				};
			};
			buildConfigurationList = 7A77158819C3903200ABB73E /* Build configuration list for PBXProject "MyFlix" */;
			compatibilityVersion = "Xcode 3.2";
			developmentRegion = English;
			hasScannedForEncodings = 0;
			knownRegions = (
				en,
				Base,
			);
			mainGroup = 7A77158419C3903200ABB73E;
			productRefGroup = 7A77158E19C3903200ABB73E /* Products */;
			projectDirPath = "";
			projectRoot = "";
			targets = (
				7A77158C19C3903200ABB73E /* MyFlix */,
				7A7715A119C3903200ABB73E /* MyFlixTests */,
			);
		};
/* End PBXProject section */

/* Begin PBXResourcesBuildPhase section */
		7A77158B19C3903200ABB73E /* Resources */ = {
			isa = PBXResourcesBuildPhase;
			buildActionMask = 2147483647;
			files = (
				7A77159819C3903200ABB73E /* Main.storyboard in Resources */,
				7A77159D19C3903200ABB73E /* LaunchScreen.xib in Resources */,
				7A77159A19C3903200ABB73E /* Images.xcassets in Resources */,
			);
			runOnlyForDeploymentPostprocessing = 0;
		};
		7A7715A019C3903200ABB73E /* Resources */ = {
			isa = PBXResourcesBuildPhase;
			buildActionMask = 2147483647;
			files = (
			);
			runOnlyForDeploymentPostprocessing = 0;
		};
/* End PBXResourcesBuildPhase section */

/* Begin PBXShellScriptBuildPhase section */
		42507A0824E04CCBB3DF5B78 /* Check Pods Manifest.lock */ = {
			isa = PBXShellScriptBuildPhase;
			buildActionMask = 2147483647;
			files = (
			);
			inputPaths = (
			);
			name = "Check Pods Manifest.lock";
			outputPaths = (
			);
			runOnlyForDeploymentPostprocessing = 0;
			shellPath = /bin/sh;
			shellScript = "diff \"${PODS_ROOT}/../Podfile.lock\" \"${PODS_ROOT}/Manifest.lock\" > /dev/null\nif [[ $? != 0 ]] ; then\n    cat << EOM\nerror: The sandbox is not in sync with the Podfile.lock. Run 'pod install' or update your CocoaPods installation.\nEOM\n    exit 1\nfi\n";
			showEnvVarsInLog = 0;
		};
		6567049031B54BEA9F93BACC /* Copy Pods Resources */ = {
			isa = PBXShellScriptBuildPhase;
			buildActionMask = 2147483647;
			files = (
			);
			inputPaths = (
			);
			name = "Copy Pods Resources";
			outputPaths = (
			);
			runOnlyForDeploymentPostprocessing = 0;
			shellPath = /bin/sh;
			shellScript = "\"${SRCROOT}/Pods/Pods-resources.sh\"\n";
			showEnvVarsInLog = 0;
		};
/* End PBXShellScriptBuildPhase section */

/* Begin PBXSourcesBuildPhase section */
		7A77158919C3903200ABB73E /* Sources */ = {
			isa = PBXSourcesBuildPhase;
			buildActionMask = 2147483647;
			files = (
				7A523C1D19C3B32200688B0E /* MovieDetailsViewController.swift in Sources */,
				7A77159519C3903200ABB73E /* ViewController.swift in Sources */,
				7A77159319C3903200ABB73E /* AppDelegate.swift in Sources */,
				7A523C1B19C3A78D00688B0E /* MovieViewCell.swift in Sources */,
			);
			runOnlyForDeploymentPostprocessing = 0;
		};
		7A77159E19C3903200ABB73E /* Sources */ = {
			isa = PBXSourcesBuildPhase;
			buildActionMask = 2147483647;
			files = (
				7A7715A919C3903200ABB73E /* MyFlixTests.swift in Sources */,
			);
			runOnlyForDeploymentPostprocessing = 0;
		};
/* End PBXSourcesBuildPhase section */

/* Begin PBXTargetDependency section */
		7A7715A419C3903200ABB73E /* PBXTargetDependency */ = {
			isa = PBXTargetDependency;
			target = 7A77158C19C3903200ABB73E /* MyFlix */;
			targetProxy = 7A7715A319C3903200ABB73E /* PBXContainerItemProxy */;
		};
/* End PBXTargetDependency section */

/* Begin PBXVariantGroup section */
		7A77159619C3903200ABB73E /* Main.storyboard */ = {
			isa = PBXVariantGroup;
			children = (
				7A77159719C3903200ABB73E /* Base */,
			);
			name = Main.storyboard;
			sourceTree = "<group>";
		};
		7A77159B19C3903200ABB73E /* LaunchScreen.xib */ = {
			isa = PBXVariantGroup;
			children = (
				7A77159C19C3903200ABB73E /* Base */,
			);
			name = LaunchScreen.xib;
			sourceTree = "<group>";
		};
/* End PBXVariantGroup section */

/* Begin XCBuildConfiguration section */
		7A7715AA19C3903200ABB73E /* Debug */ = {
			isa = XCBuildConfiguration;
			buildSettings = {
				ALWAYS_SEARCH_USER_PATHS = NO;
				CLANG_CXX_LANGUAGE_STANDARD = "gnu++0x";
				CLANG_CXX_LIBRARY = "libc++";
				CLANG_ENABLE_MODULES = YES;
				CLANG_ENABLE_OBJC_ARC = YES;
				CLANG_WARN_BOOL_CONVERSION = YES;
				CLANG_WARN_CONSTANT_CONVERSION = YES;
				CLANG_WARN_DIRECT_OBJC_ISA_USAGE = YES_ERROR;
				CLANG_WARN_EMPTY_BODY = YES;
				CLANG_WARN_ENUM_CONVERSION = YES;
				CLANG_WARN_INT_CONVERSION = YES;
				CLANG_WARN_OBJC_ROOT_CLASS = YES_ERROR;
				CLANG_WARN_UNREACHABLE_CODE = YES;
				CLANG_WARN__DUPLICATE_METHOD_MATCH = YES;
				"CODE_SIGN_IDENTITY[sdk=iphoneos*]" = "iPhone Developer";
				COPY_PHASE_STRIP = NO;
				ENABLE_STRICT_OBJC_MSGSEND = YES;
				GCC_C_LANGUAGE_STANDARD = gnu99;
				GCC_DYNAMIC_NO_PIC = NO;
				GCC_OPTIMIZATION_LEVEL = 0;
				GCC_PREPROCESSOR_DEFINITIONS = (
					"DEBUG=1",
					"$(inherited)",
				);
				GCC_SYMBOLS_PRIVATE_EXTERN = NO;
				GCC_WARN_64_TO_32_BIT_CONVERSION = YES;
				GCC_WARN_ABOUT_RETURN_TYPE = YES_ERROR;
				GCC_WARN_UNDECLARED_SELECTOR = YES;
				GCC_WARN_UNINITIALIZED_AUTOS = YES_AGGRESSIVE;
				GCC_WARN_UNUSED_FUNCTION = YES;
				GCC_WARN_UNUSED_VARIABLE = YES;
				IPHONEOS_DEPLOYMENT_TARGET = 8.0;
				MTL_ENABLE_DEBUG_INFO = YES;
				ONLY_ACTIVE_ARCH = YES;
				SDKROOT = iphoneos;
				SWIFT_OPTIMIZATION_LEVEL = "-Onone";
			};
			name = Debug;
		};
		7A7715AB19C3903200ABB73E /* Release */ = {
			isa = XCBuildConfiguration;
			buildSettings = {
				ALWAYS_SEARCH_USER_PATHS = NO;
				CLANG_CXX_LANGUAGE_STANDARD = "gnu++0x";
				CLANG_CXX_LIBRARY = "libc++";
				CLANG_ENABLE_MODULES = YES;
				CLANG_ENABLE_OBJC_ARC = YES;
				CLANG_WARN_BOOL_CONVERSION = YES;
				CLANG_WARN_CONSTANT_CONVERSION = YES;
				CLANG_WARN_DIRECT_OBJC_ISA_USAGE = YES_ERROR;
				CLANG_WARN_EMPTY_BODY = YES;
				CLANG_WARN_ENUM_CONVERSION = YES;
				CLANG_WARN_INT_CONVERSION = YES;
				CLANG_WARN_OBJC_ROOT_CLASS = YES_ERROR;
				CLANG_WARN_UNREACHABLE_CODE = YES;
				CLANG_WARN__DUPLICATE_METHOD_MATCH = YES;
				"CODE_SIGN_IDENTITY[sdk=iphoneos*]" = "iPhone Developer";
				COPY_PHASE_STRIP = YES;
				ENABLE_NS_ASSERTIONS = NO;
				ENABLE_STRICT_OBJC_MSGSEND = YES;
				GCC_C_LANGUAGE_STANDARD = gnu99;
				GCC_WARN_64_TO_32_BIT_CONVERSION = YES;
				GCC_WARN_ABOUT_RETURN_TYPE = YES_ERROR;
				GCC_WARN_UNDECLARED_SELECTOR = YES;
				GCC_WARN_UNINITIALIZED_AUTOS = YES_AGGRESSIVE;
				GCC_WARN_UNUSED_FUNCTION = YES;
				GCC_WARN_UNUSED_VARIABLE = YES;
				IPHONEOS_DEPLOYMENT_TARGET = 8.0;
				MTL_ENABLE_DEBUG_INFO = NO;
				SDKROOT = iphoneos;
				VALIDATE_PRODUCT = YES;
			};
			name = Release;
		};
		7A7715AD19C3903200ABB73E /* Debug */ = {
			isa = XCBuildConfiguration;
			baseConfigurationReference = B1733AF4545D468CA67010DC /* Pods.xcconfig */;
			buildSettings = {
				ASSETCATALOG_COMPILER_APPICON_NAME = AppIcon;
				INFOPLIST_FILE = MyFlix/Info.plist;
				IPHONEOS_DEPLOYMENT_TARGET = 7.1;
				LD_RUNPATH_SEARCH_PATHS = "$(inherited) @executable_path/Frameworks";
				PRODUCT_NAME = "$(TARGET_NAME)";
				"SWIFT_OBJC_BRIDGING_HEADER[arch=*]" = "MyFlix/Project-Bridging-Header.h";
			};
			name = Debug;
		};
		7A7715AE19C3903200ABB73E /* Release */ = {
			isa = XCBuildConfiguration;
			baseConfigurationReference = B1733AF4545D468CA67010DC /* Pods.xcconfig */;
			buildSettings = {
				ASSETCATALOG_COMPILER_APPICON_NAME = AppIcon;
				INFOPLIST_FILE = MyFlix/Info.plist;
				IPHONEOS_DEPLOYMENT_TARGET = 7.1;
				LD_RUNPATH_SEARCH_PATHS = "$(inherited) @executable_path/Frameworks";
				PRODUCT_NAME = "$(TARGET_NAME)";
				"SWIFT_OBJC_BRIDGING_HEADER[arch=*]" = "MyFlix/Project-Bridging-Header.h";
			};
			name = Release;
		};
		7A7715B019C3903200ABB73E /* Debug */ = {
			isa = XCBuildConfiguration;
			buildSettings = {
				BUNDLE_LOADER = "$(TEST_HOST)";
				FRAMEWORK_SEARCH_PATHS = (
					"$(SDKROOT)/Developer/Library/Frameworks",
					"$(inherited)",
				);
				GCC_PREPROCESSOR_DEFINITIONS = (
					"DEBUG=1",
					"$(inherited)",
				);
				INFOPLIST_FILE = MyFlixTests/Info.plist;
				LD_RUNPATH_SEARCH_PATHS = "$(inherited) @executable_path/Frameworks @loader_path/Frameworks";
				PRODUCT_NAME = "$(TARGET_NAME)";
				TEST_HOST = "$(BUILT_PRODUCTS_DIR)/MyFlix.app/MyFlix";
			};
			name = Debug;
		};
		7A7715B119C3903200ABB73E /* Release */ = {
			isa = XCBuildConfiguration;
			buildSettings = {
				BUNDLE_LOADER = "$(TEST_HOST)";
				FRAMEWORK_SEARCH_PATHS = (
					"$(SDKROOT)/Developer/Library/Frameworks",
					"$(inherited)",
				);
				INFOPLIST_FILE = MyFlixTests/Info.plist;
				LD_RUNPATH_SEARCH_PATHS = "$(inherited) @executable_path/Frameworks @loader_path/Frameworks";
				PRODUCT_NAME = "$(TARGET_NAME)";
				TEST_HOST = "$(BUILT_PRODUCTS_DIR)/MyFlix.app/MyFlix";
			};
			name = Release;
		};
/* End XCBuildConfiguration section */

/* Begin XCConfigurationList section */
		7A77158819C3903200ABB73E /* Build configuration list for PBXProject "MyFlix" */ = {
			isa = XCConfigurationList;
			buildConfigurations = (
				7A7715AA19C3903200ABB73E /* Debug */,
				7A7715AB19C3903200ABB73E /* Release */,
			);
			defaultConfigurationIsVisible = 0;
			defaultConfigurationName = Release;
		};
		7A7715AC19C3903200ABB73E /* Build configuration list for PBXNativeTarget "MyFlix" */ = {
			isa = XCConfigurationList;
			buildConfigurations = (
				7A7715AD19C3903200ABB73E /* Debug */,
				7A7715AE19C3903200ABB73E /* Release */,
			);
			defaultConfigurationIsVisible = 0;
			defaultConfigurationName = Release;
		};
		7A7715AF19C3903200ABB73E /* Build configuration list for PBXNativeTarget "MyFlixTests" */ = {
			isa = XCConfigurationList;
			buildConfigurations = (
				7A7715B019C3903200ABB73E /* Debug */,
				7A7715B119C3903200ABB73E /* Release */,
			);
			defaultConfigurationIsVisible = 0;
			defaultConfigurationName = Release;
		};
/* End XCConfigurationList section */
	};
	rootObject = 7A77158519C3903200ABB73E /* Project object */;
}
